// !$*UTF8*$!
{
	archiveVersion = 1;
	classes = {
	};
	objectVersion = 56;
	objects = {

/* Begin PBXBuildFile section */
		00C76FF72AA23E1300634F78 /* RobotNavigationViewModelTests.swift in Sources */ = {isa = PBXBuildFile; fileRef = 00C76FF62AA23E1300634F78 /* RobotNavigationViewModelTests.swift */; };
		00C76FF92AA241AF00634F78 /* CustomError.swift in Sources */ = {isa = PBXBuildFile; fileRef = 00C76FF82AA241AF00634F78 /* CustomError.swift */; };
		8B9066AB2AA1FDF800E7ED09 /* AppDelegate.swift in Sources */ = {isa = PBXBuildFile; fileRef = 8B9066AA2AA1FDF800E7ED09 /* AppDelegate.swift */; };
		8B9066AD2AA1FDF800E7ED09 /* SceneDelegate.swift in Sources */ = {isa = PBXBuildFile; fileRef = 8B9066AC2AA1FDF800E7ED09 /* SceneDelegate.swift */; };
		8B9066AF2AA1FDF800E7ED09 /* ViewController.swift in Sources */ = {isa = PBXBuildFile; fileRef = 8B9066AE2AA1FDF800E7ED09 /* ViewController.swift */; };
		8B9066B22AA1FDF800E7ED09 /* Main.storyboard in Resources */ = {isa = PBXBuildFile; fileRef = 8B9066B02AA1FDF800E7ED09 /* Main.storyboard */; };
		8B9066B42AA1FDFB00E7ED09 /* Assets.xcassets in Resources */ = {isa = PBXBuildFile; fileRef = 8B9066B32AA1FDFB00E7ED09 /* Assets.xcassets */; };
		8B9066B72AA1FDFB00E7ED09 /* LaunchScreen.storyboard in Resources */ = {isa = PBXBuildFile; fileRef = 8B9066B52AA1FDFB00E7ED09 /* LaunchScreen.storyboard */; };
		8B9066C22AA1FDFC00E7ED09 /* MartianRobotsAppTests.swift in Sources */ = {isa = PBXBuildFile; fileRef = 8B9066C12AA1FDFC00E7ED09 /* MartianRobotsAppTests.swift */; };
		8B9066DE2AA1FE9000E7ED09 /* Robot.swift in Sources */ = {isa = PBXBuildFile; fileRef = 8B9066DD2AA1FE9000E7ED09 /* Robot.swift */; };
		8B9066E02AA1FF0200E7ED09 /* RobotViewModel.swift in Sources */ = {isa = PBXBuildFile; fileRef = 8B9066DF2AA1FF0200E7ED09 /* RobotViewModel.swift */; };
		8B9066E22AA1FF3300E7ED09 /* RobotActionsProtocol.swift in Sources */ = {isa = PBXBuildFile; fileRef = 8B9066E12AA1FF3300E7ED09 /* RobotActionsProtocol.swift */; };
/* End PBXBuildFile section */

/* Begin PBXContainerItemProxy section */
		8B9066BE2AA1FDFC00E7ED09 /* PBXContainerItemProxy */ = {
			isa = PBXContainerItemProxy;
			containerPortal = 8B90669F2AA1FDF800E7ED09 /* Project object */;
			proxyType = 1;
			remoteGlobalIDString = 8B9066A62AA1FDF800E7ED09;
			remoteInfo = MartianRobotsApp;
		};
		8B9066C82AA1FDFC00E7ED09 /* PBXContainerItemProxy */ = {
			isa = PBXContainerItemProxy;
			containerPortal = 8B90669F2AA1FDF800E7ED09 /* Project object */;
			proxyType = 1;
			remoteGlobalIDString = 8B9066A62AA1FDF800E7ED09;
			remoteInfo = MartianRobotsApp;
		};
/* End PBXContainerItemProxy section */

/* Begin PBXFileReference section */
		006749AF2AA25E4B00188630 /* MartianRobotsApp.xctestplan */ = {isa = PBXFileReference; lastKnownFileType = text; path = MartianRobotsApp.xctestplan; sourceTree = "<group>"; };
		00C76FF62AA23E1300634F78 /* RobotNavigationViewModelTests.swift */ = {isa = PBXFileReference; lastKnownFileType = sourcecode.swift; path = RobotNavigationViewModelTests.swift; sourceTree = "<group>"; };
		00C76FF82AA241AF00634F78 /* CustomError.swift */ = {isa = PBXFileReference; lastKnownFileType = sourcecode.swift; path = CustomError.swift; sourceTree = "<group>"; };
		8B9066A72AA1FDF800E7ED09 /* MartianRobotsApp.app */ = {isa = PBXFileReference; explicitFileType = wrapper.application; includeInIndex = 0; path = MartianRobotsApp.app; sourceTree = BUILT_PRODUCTS_DIR; };
		8B9066AA2AA1FDF800E7ED09 /* AppDelegate.swift */ = {isa = PBXFileReference; lastKnownFileType = sourcecode.swift; path = AppDelegate.swift; sourceTree = "<group>"; };
		8B9066AC2AA1FDF800E7ED09 /* SceneDelegate.swift */ = {isa = PBXFileReference; lastKnownFileType = sourcecode.swift; path = SceneDelegate.swift; sourceTree = "<group>"; };
		8B9066AE2AA1FDF800E7ED09 /* ViewController.swift */ = {isa = PBXFileReference; lastKnownFileType = sourcecode.swift; path = ViewController.swift; sourceTree = "<group>"; };
		8B9066B12AA1FDF800E7ED09 /* Base */ = {isa = PBXFileReference; lastKnownFileType = file.storyboard; name = Base; path = Base.lproj/Main.storyboard; sourceTree = "<group>"; };
		8B9066B32AA1FDFB00E7ED09 /* Assets.xcassets */ = {isa = PBXFileReference; lastKnownFileType = folder.assetcatalog; path = Assets.xcassets; sourceTree = "<group>"; };
		8B9066B62AA1FDFB00E7ED09 /* Base */ = {isa = PBXFileReference; lastKnownFileType = file.storyboard; name = Base; path = Base.lproj/LaunchScreen.storyboard; sourceTree = "<group>"; };
		8B9066B82AA1FDFB00E7ED09 /* Info.plist */ = {isa = PBXFileReference; lastKnownFileType = text.plist.xml; path = Info.plist; sourceTree = "<group>"; };
		8B9066BD2AA1FDFC00E7ED09 /* MartianRobotsAppTests.xctest */ = {isa = PBXFileReference; explicitFileType = wrapper.cfbundle; includeInIndex = 0; path = MartianRobotsAppTests.xctest; sourceTree = BUILT_PRODUCTS_DIR; };
		8B9066C12AA1FDFC00E7ED09 /* MartianRobotsAppTests.swift */ = {isa = PBXFileReference; lastKnownFileType = sourcecode.swift; path = MartianRobotsAppTests.swift; sourceTree = "<group>"; };
		8B9066C72AA1FDFC00E7ED09 /* MartianRobotsAppUITests.xctest */ = {isa = PBXFileReference; explicitFileType = wrapper.cfbundle; includeInIndex = 0; path = MartianRobotsAppUITests.xctest; sourceTree = BUILT_PRODUCTS_DIR; };
		8B9066DD2AA1FE9000E7ED09 /* Robot.swift */ = {isa = PBXFileReference; lastKnownFileType = sourcecode.swift; path = Robot.swift; sourceTree = "<group>"; };
		8B9066DF2AA1FF0200E7ED09 /* RobotViewModel.swift */ = {isa = PBXFileReference; lastKnownFileType = sourcecode.swift; path = RobotViewModel.swift; sourceTree = "<group>"; };
		8B9066E12AA1FF3300E7ED09 /* RobotActionsProtocol.swift */ = {isa = PBXFileReference; lastKnownFileType = sourcecode.swift; path = RobotActionsProtocol.swift; sourceTree = "<group>"; };
/* End PBXFileReference section */

/* Begin PBXFrameworksBuildPhase section */
		8B9066A42AA1FDF800E7ED09 /* Frameworks */ = {
			isa = PBXFrameworksBuildPhase;
			buildActionMask = 2147483647;
			files = (
			);
			runOnlyForDeploymentPostprocessing = 0;
		};
		8B9066BA2AA1FDFC00E7ED09 /* Frameworks */ = {
			isa = PBXFrameworksBuildPhase;
			buildActionMask = 2147483647;
			files = (
			);
			runOnlyForDeploymentPostprocessing = 0;
		};
		8B9066C42AA1FDFC00E7ED09 /* Frameworks */ = {
			isa = PBXFrameworksBuildPhase;
			buildActionMask = 2147483647;
			files = (
			);
			runOnlyForDeploymentPostprocessing = 0;
		};
/* End PBXFrameworksBuildPhase section */

/* Begin PBXGroup section */
		8B90669E2AA1FDF800E7ED09 = {
			isa = PBXGroup;
			children = (
				006749AF2AA25E4B00188630 /* MartianRobotsApp.xctestplan */,
				8B9066A92AA1FDF800E7ED09 /* MartianRobotsApp */,
				8B9066C02AA1FDFC00E7ED09 /* MartianRobotsAppTests */,
				8B9066A82AA1FDF800E7ED09 /* Products */,
			);
			sourceTree = "<group>";
		};
		8B9066A82AA1FDF800E7ED09 /* Products */ = {
			isa = PBXGroup;
			children = (
				8B9066A72AA1FDF800E7ED09 /* MartianRobotsApp.app */,
				8B9066BD2AA1FDFC00E7ED09 /* MartianRobotsAppTests.xctest */,
				8B9066C72AA1FDFC00E7ED09 /* MartianRobotsAppUITests.xctest */,
			);
			name = Products;
			sourceTree = "<group>";
		};
		8B9066A92AA1FDF800E7ED09 /* MartianRobotsApp */ = {
			isa = PBXGroup;
			children = (
				8B9066DA2AA1FE3B00E7ED09 /* Model */,
				8B9066DB2AA1FE4200E7ED09 /* View */,
				8B9066DC2AA1FE4800E7ED09 /* ViewModel */,
				8B9066AA2AA1FDF800E7ED09 /* AppDelegate.swift */,
				8B9066AC2AA1FDF800E7ED09 /* SceneDelegate.swift */,
				8B9066B02AA1FDF800E7ED09 /* Main.storyboard */,
				8B9066B32AA1FDFB00E7ED09 /* Assets.xcassets */,
				8B9066B52AA1FDFB00E7ED09 /* LaunchScreen.storyboard */,
				8B9066B82AA1FDFB00E7ED09 /* Info.plist */,
			);
			path = MartianRobotsApp;
			sourceTree = "<group>";
		};
		8B9066C02AA1FDFC00E7ED09 /* MartianRobotsAppTests */ = {
			isa = PBXGroup;
			children = (
				00C76FF62AA23E1300634F78 /* RobotNavigationViewModelTests.swift */,
				8B9066C12AA1FDFC00E7ED09 /* MartianRobotsAppTests.swift */,
			);
			path = MartianRobotsAppTests;
			sourceTree = "<group>";
		};
		8B9066DA2AA1FE3B00E7ED09 /* Model */ = {
			isa = PBXGroup;
			children = (
				8B9066DD2AA1FE9000E7ED09 /* Robot.swift */,
				00C76FF82AA241AF00634F78 /* CustomError.swift */,
			);
			path = Model;
			sourceTree = "<group>";
		};
		8B9066DB2AA1FE4200E7ED09 /* View */ = {
			isa = PBXGroup;
			children = (
				8B9066AE2AA1FDF800E7ED09 /* ViewController.swift */,
			);
			path = View;
			sourceTree = "<group>";
		};
		8B9066DC2AA1FE4800E7ED09 /* ViewModel */ = {
			isa = PBXGroup;
			children = (
				8B9066DF2AA1FF0200E7ED09 /* RobotViewModel.swift */,
				8B9066E12AA1FF3300E7ED09 /* RobotActionsProtocol.swift */,
			);
			path = ViewModel;
			sourceTree = "<group>";
		};
/* End PBXGroup section */

/* Begin PBXNativeTarget section */
		8B9066A62AA1FDF800E7ED09 /* MartianRobotsApp */ = {
			isa = PBXNativeTarget;
			buildConfigurationList = 8B9066D12AA1FDFC00E7ED09 /* Build configuration list for PBXNativeTarget "MartianRobotsApp" */;
			buildPhases = (
				8B9066A32AA1FDF800E7ED09 /* Sources */,
				8B9066A42AA1FDF800E7ED09 /* Frameworks */,
				8B9066A52AA1FDF800E7ED09 /* Resources */,
			);
			buildRules = (
			);
			dependencies = (
			);
			name = MartianRobotsApp;
			productName = MartianRobotsApp;
			productReference = 8B9066A72AA1FDF800E7ED09 /* MartianRobotsApp.app */;
			productType = "com.apple.product-type.application";
		};
		8B9066BC2AA1FDFC00E7ED09 /* MartianRobotsAppTests */ = {
			isa = PBXNativeTarget;
			buildConfigurationList = 8B9066D42AA1FDFC00E7ED09 /* Build configuration list for PBXNativeTarget "MartianRobotsAppTests" */;
			buildPhases = (
				8B9066B92AA1FDFC00E7ED09 /* Sources */,
				8B9066BA2AA1FDFC00E7ED09 /* Frameworks */,
				8B9066BB2AA1FDFC00E7ED09 /* Resources */,
			);
			buildRules = (
			);
			dependencies = (
				8B9066BF2AA1FDFC00E7ED09 /* PBXTargetDependency */,
			);
			name = MartianRobotsAppTests;
			productName = MartianRobotsAppTests;
			productReference = 8B9066BD2AA1FDFC00E7ED09 /* MartianRobotsAppTests.xctest */;
			productType = "com.apple.product-type.bundle.unit-test";
		};
		8B9066C62AA1FDFC00E7ED09 /* MartianRobotsAppUITests */ = {
			isa = PBXNativeTarget;
			buildConfigurationList = 8B9066D72AA1FDFC00E7ED09 /* Build configuration list for PBXNativeTarget "MartianRobotsAppUITests" */;
			buildPhases = (
				8B9066C32AA1FDFC00E7ED09 /* Sources */,
				8B9066C42AA1FDFC00E7ED09 /* Frameworks */,
				8B9066C52AA1FDFC00E7ED09 /* Resources */,
			);
			buildRules = (
			);
			dependencies = (
				8B9066C92AA1FDFC00E7ED09 /* PBXTargetDependency */,
			);
			name = MartianRobotsAppUITests;
			productName = MartianRobotsAppUITests;
			productReference = 8B9066C72AA1FDFC00E7ED09 /* MartianRobotsAppUITests.xctest */;
			productType = "com.apple.product-type.bundle.ui-testing";
		};
/* End PBXNativeTarget section */

/* Begin PBXProject section */
		8B90669F2AA1FDF800E7ED09 /* Project object */ = {
			isa = PBXProject;
			attributes = {
				BuildIndependentTargetsInParallel = 1;
				LastSwiftUpdateCheck = 1430;
				LastUpgradeCheck = 1430;
				TargetAttributes = {
					8B9066A62AA1FDF800E7ED09 = {
						CreatedOnToolsVersion = 14.3.1;
					};
					8B9066BC2AA1FDFC00E7ED09 = {
						CreatedOnToolsVersion = 14.3.1;
						TestTargetID = 8B9066A62AA1FDF800E7ED09;
					};
					8B9066C62AA1FDFC00E7ED09 = {
						CreatedOnToolsVersion = 14.3.1;
						TestTargetID = 8B9066A62AA1FDF800E7ED09;
					};
				};
			};
			buildConfigurationList = 8B9066A22AA1FDF800E7ED09 /* Build configuration list for PBXProject "MartianRobotsApp" */;
			compatibilityVersion = "Xcode 14.0";
			developmentRegion = en;
			hasScannedForEncodings = 0;
			knownRegions = (
				en,
				Base,
			);
			mainGroup = 8B90669E2AA1FDF800E7ED09;
			productRefGroup = 8B9066A82AA1FDF800E7ED09 /* Products */;
			projectDirPath = "";
			projectRoot = "";
			targets = (
				8B9066A62AA1FDF800E7ED09 /* MartianRobotsApp */,
				8B9066BC2AA1FDFC00E7ED09 /* MartianRobotsAppTests */,
				8B9066C62AA1FDFC00E7ED09 /* MartianRobotsAppUITests */,
			);
		};
/* End PBXProject section */

/* Begin PBXResourcesBuildPhase section */
		8B9066A52AA1FDF800E7ED09 /* Resources */ = {
			isa = PBXResourcesBuildPhase;
			buildActionMask = 2147483647;
			files = (
				8B9066B72AA1FDFB00E7ED09 /* LaunchScreen.storyboard in Resources */,
				8B9066B42AA1FDFB00E7ED09 /* Assets.xcassets in Resources */,
				8B9066B22AA1FDF800E7ED09 /* Main.storyboard in Resources */,
			);
			runOnlyForDeploymentPostprocessing = 0;
		};
		8B9066BB2AA1FDFC00E7ED09 /* Resources */ = {
			isa = PBXResourcesBuildPhase;
			buildActionMask = 2147483647;
			files = (
			);
			runOnlyForDeploymentPostprocessing = 0;
		};
		8B9066C52AA1FDFC00E7ED09 /* Resources */ = {
			isa = PBXResourcesBuildPhase;
			buildActionMask = 2147483647;
			files = (
			);
			runOnlyForDeploymentPostprocessing = 0;
		};
/* End PBXResourcesBuildPhase section */

/* Begin PBXSourcesBuildPhase section */
		8B9066A32AA1FDF800E7ED09 /* Sources */ = {
			isa = PBXSourcesBuildPhase;
			buildActionMask = 2147483647;
			files = (
				00C76FF92AA241AF00634F78 /* CustomError.swift in Sources */,
				8B9066E22AA1FF3300E7ED09 /* RobotActionsProtocol.swift in Sources */,
				8B9066DE2AA1FE9000E7ED09 /* Robot.swift in Sources */,
				8B9066AF2AA1FDF800E7ED09 /* ViewController.swift in Sources */,
				8B9066E02AA1FF0200E7ED09 /* RobotViewModel.swift in Sources */,
				8B9066AB2AA1FDF800E7ED09 /* AppDelegate.swift in Sources */,
				8B9066AD2AA1FDF800E7ED09 /* SceneDelegate.swift in Sources */,
			);
			runOnlyForDeploymentPostprocessing = 0;
		};
		8B9066B92AA1FDFC00E7ED09 /* Sources */ = {
			isa = PBXSourcesBuildPhase;
			buildActionMask = 2147483647;
			files = (
				8B9066C22AA1FDFC00E7ED09 /* MartianRobotsAppTests.swift in Sources */,
				00C76FF72AA23E1300634F78 /* RobotNavigationViewModelTests.swift in Sources */,
			);
			runOnlyForDeploymentPostprocessing = 0;
		};
		8B9066C32AA1FDFC00E7ED09 /* Sources */ = {
			isa = PBXSourcesBuildPhase;
			buildActionMask = 2147483647;
			files = (
			);
			runOnlyForDeploymentPostprocessing = 0;
		};
/* End PBXSourcesBuildPhase section */

/* Begin PBXTargetDependency section */
		8B9066BF2AA1FDFC00E7ED09 /* PBXTargetDependency */ = {
			isa = PBXTargetDependency;
			target = 8B9066A62AA1FDF800E7ED09 /* MartianRobotsApp */;
			targetProxy = 8B9066BE2AA1FDFC00E7ED09 /* PBXContainerItemProxy */;
		};
		8B9066C92AA1FDFC00E7ED09 /* PBXTargetDependency */ = {
			isa = PBXTargetDependency;
			target = 8B9066A62AA1FDF800E7ED09 /* MartianRobotsApp */;
			targetProxy = 8B9066C82AA1FDFC00E7ED09 /* PBXContainerItemProxy */;
		};
/* End PBXTargetDependency section */

/* Begin PBXVariantGroup section */
		8B9066B02AA1FDF800E7ED09 /* Main.storyboard */ = {
			isa = PBXVariantGroup;
			children = (
				8B9066B12AA1FDF800E7ED09 /* Base */,
			);
			name = Main.storyboard;
			sourceTree = "<group>";
		};
		8B9066B52AA1FDFB00E7ED09 /* LaunchScreen.storyboard */ = {
			isa = PBXVariantGroup;
			children = (
				8B9066B62AA1FDFB00E7ED09 /* Base */,
			);
			name = LaunchScreen.storyboard;
			sourceTree = "<group>";
		};
/* End PBXVariantGroup section */

/* Begin XCBuildConfiguration section */
		8B9066CF2AA1FDFC00E7ED09 /* Debug */ = {
			isa = XCBuildConfiguration;
			buildSettings = {
				ALWAYS_SEARCH_USER_PATHS = NO;
				CLANG_ANALYZER_NONNULL = YES;
				CLANG_ANALYZER_NUMBER_OBJECT_CONVERSION = YES_AGGRESSIVE;
				CLANG_CXX_LANGUAGE_STANDARD = "gnu++20";
				CLANG_ENABLE_MODULES = YES;
				CLANG_ENABLE_OBJC_ARC = YES;
				CLANG_ENABLE_OBJC_WEAK = YES;
				CLANG_WARN_BLOCK_CAPTURE_AUTORELEASING = YES;
				CLANG_WARN_BOOL_CONVERSION = YES;
				CLANG_WARN_COMMA = YES;
				CLANG_WARN_CONSTANT_CONVERSION = YES;
				CLANG_WARN_DEPRECATED_OBJC_IMPLEMENTATIONS = YES;
				CLANG_WARN_DIRECT_OBJC_ISA_USAGE = YES_ERROR;
				CLANG_WARN_DOCUMENTATION_COMMENTS = YES;
				CLANG_WARN_EMPTY_BODY = YES;
				CLANG_WARN_ENUM_CONVERSION = YES;
				CLANG_WARN_INFINITE_RECURSION = YES;
				CLANG_WARN_INT_CONVERSION = YES;
				CLANG_WARN_NON_LITERAL_NULL_CONVERSION = YES;
				CLANG_WARN_OBJC_IMPLICIT_RETAIN_SELF = YES;
				CLANG_WARN_OBJC_LITERAL_CONVERSION = YES;
				CLANG_WARN_OBJC_ROOT_CLASS = YES_ERROR;
				CLANG_WARN_QUOTED_INCLUDE_IN_FRAMEWORK_HEADER = YES;
				CLANG_WARN_RANGE_LOOP_ANALYSIS = YES;
				CLANG_WARN_STRICT_PROTOTYPES = YES;
				CLANG_WARN_SUSPICIOUS_MOVE = YES;
				CLANG_WARN_UNGUARDED_AVAILABILITY = YES_AGGRESSIVE;
				CLANG_WARN_UNREACHABLE_CODE = YES;
				CLANG_WARN__DUPLICATE_METHOD_MATCH = YES;
				COPY_PHASE_STRIP = NO;
				DEBUG_INFORMATION_FORMAT = dwarf;
				ENABLE_STRICT_OBJC_MSGSEND = YES;
				ENABLE_TESTABILITY = YES;
				GCC_C_LANGUAGE_STANDARD = gnu11;
				GCC_DYNAMIC_NO_PIC = NO;
				GCC_NO_COMMON_BLOCKS = YES;
				GCC_OPTIMIZATION_LEVEL = 0;
				GCC_PREPROCESSOR_DEFINITIONS = (
					"DEBUG=1",
					"$(inherited)",
				);
				GCC_WARN_64_TO_32_BIT_CONVERSION = YES;
				GCC_WARN_ABOUT_RETURN_TYPE = YES_ERROR;
				GCC_WARN_UNDECLARED_SELECTOR = YES;
				GCC_WARN_UNINITIALIZED_AUTOS = YES_AGGRESSIVE;
				GCC_WARN_UNUSED_FUNCTION = YES;
				GCC_WARN_UNUSED_VARIABLE = YES;
				IPHONEOS_DEPLOYMENT_TARGET = 16.4;
				MTL_ENABLE_DEBUG_INFO = INCLUDE_SOURCE;
				MTL_FAST_MATH = YES;
				ONLY_ACTIVE_ARCH = YES;
				SDKROOT = iphoneos;
				SWIFT_ACTIVE_COMPILATION_CONDITIONS = DEBUG;
				SWIFT_OPTIMIZATION_LEVEL = "-Onone";
			};
			name = Debug;
		};
		8B9066D02AA1FDFC00E7ED09 /* Release */ = {
			isa = XCBuildConfiguration;
			buildSettings = {
				ALWAYS_SEARCH_USER_PATHS = NO;
				CLANG_ANALYZER_NONNULL = YES;
				CLANG_ANALYZER_NUMBER_OBJECT_CONVERSION = YES_AGGRESSIVE;
				CLANG_CXX_LANGUAGE_STANDARD = "gnu++20";
				CLANG_ENABLE_MODULES = YES;
				CLANG_ENABLE_OBJC_ARC = YES;
				CLANG_ENABLE_OBJC_WEAK = YES;
				CLANG_WARN_BLOCK_CAPTURE_AUTORELEASING = YES;
				CLANG_WARN_BOOL_CONVERSION = YES;
				CLANG_WARN_COMMA = YES;
				CLANG_WARN_CONSTANT_CONVERSION = YES;
				CLANG_WARN_DEPRECATED_OBJC_IMPLEMENTATIONS = YES;
				CLANG_WARN_DIRECT_OBJC_ISA_USAGE = YES_ERROR;
				CLANG_WARN_DOCUMENTATION_COMMENTS = YES;
				CLANG_WARN_EMPTY_BODY = YES;
				CLANG_WARN_ENUM_CONVERSION = YES;
				CLANG_WARN_INFINITE_RECURSION = YES;
				CLANG_WARN_INT_CONVERSION = YES;
				CLANG_WARN_NON_LITERAL_NULL_CONVERSION = YES;
				CLANG_WARN_OBJC_IMPLICIT_RETAIN_SELF = YES;
				CLANG_WARN_OBJC_LITERAL_CONVERSION = YES;
				CLANG_WARN_OBJC_ROOT_CLASS = YES_ERROR;
				CLANG_WARN_QUOTED_INCLUDE_IN_FRAMEWORK_HEADER = YES;
				CLANG_WARN_RANGE_LOOP_ANALYSIS = YES;
				CLANG_WARN_STRICT_PROTOTYPES = YES;
				CLANG_WARN_SUSPICIOUS_MOVE = YES;
				CLANG_WARN_UNGUARDED_AVAILABILITY = YES_AGGRESSIVE;
				CLANG_WARN_UNREACHABLE_CODE = YES;
				CLANG_WARN__DUPLICATE_METHOD_MATCH = YES;
				COPY_PHASE_STRIP = NO;
				DEBUG_INFORMATION_FORMAT = "dwarf-with-dsym";
				ENABLE_NS_ASSERTIONS = NO;
				ENABLE_STRICT_OBJC_MSGSEND = YES;
				GCC_C_LANGUAGE_STANDARD = gnu11;
				GCC_NO_COMMON_BLOCKS = YES;
				GCC_WARN_64_TO_32_BIT_CONVERSION = YES;
				GCC_WARN_ABOUT_RETURN_TYPE = YES_ERROR;
				GCC_WARN_UNDECLARED_SELECTOR = YES;
				GCC_WARN_UNINITIALIZED_AUTOS = YES_AGGRESSIVE;
				GCC_WARN_UNUSED_FUNCTION = YES;
				GCC_WARN_UNUSED_VARIABLE = YES;
				IPHONEOS_DEPLOYMENT_TARGET = 16.4;
				MTL_ENABLE_DEBUG_INFO = NO;
				MTL_FAST_MATH = YES;
				SDKROOT = iphoneos;
				SWIFT_COMPILATION_MODE = wholemodule;
				SWIFT_OPTIMIZATION_LEVEL = "-O";
				VALIDATE_PRODUCT = YES;
			};
			name = Release;
		};
		8B9066D22AA1FDFC00E7ED09 /* Debug */ = {
			isa = XCBuildConfiguration;
			buildSettings = {
				ASSETCATALOG_COMPILER_APPICON_NAME = AppIcon;
				ASSETCATALOG_COMPILER_GLOBAL_ACCENT_COLOR_NAME = AccentColor;
				CODE_SIGN_STYLE = Automatic;
				CURRENT_PROJECT_VERSION = 1;
				GENERATE_INFOPLIST_FILE = YES;
				INFOPLIST_FILE = MartianRobotsApp/Info.plist;
				INFOPLIST_KEY_UIApplicationSupportsIndirectInputEvents = YES;
				INFOPLIST_KEY_UILaunchStoryboardName = LaunchScreen;
				INFOPLIST_KEY_UIMainStoryboardFile = Main;
				INFOPLIST_KEY_UISupportedInterfaceOrientations_iPad = "UIInterfaceOrientationPortrait UIInterfaceOrientationPortraitUpsideDown UIInterfaceOrientationLandscapeLeft UIInterfaceOrientationLandscapeRight";
				INFOPLIST_KEY_UISupportedInterfaceOrientations_iPhone = "UIInterfaceOrientationPortrait UIInterfaceOrientationLandscapeLeft UIInterfaceOrientationLandscapeRight";
				LD_RUNPATH_SEARCH_PATHS = (
					"$(inherited)",
					"@executable_path/Frameworks",
				);
				MARKETING_VERSION = 1.0;
				PRODUCT_BUNDLE_IDENTIFIER = com.yd.MartianRobotsApp;
				PRODUCT_NAME = "$(TARGET_NAME)";
				SWIFT_EMIT_LOC_STRINGS = YES;
				SWIFT_VERSION = 5.0;
				TARGETED_DEVICE_FAMILY = "1,2";
			};
			name = Debug;
		};
		8B9066D32AA1FDFC00E7ED09 /* Release */ = {
			isa = XCBuildConfiguration;
			buildSettings = {
				ASSETCATALOG_COMPILER_APPICON_NAME = AppIcon;
				ASSETCATALOG_COMPILER_GLOBAL_ACCENT_COLOR_NAME = AccentColor;
				CODE_SIGN_STYLE = Automatic;
				CURRENT_PROJECT_VERSION = 1;
				GENERATE_INFOPLIST_FILE = YES;
				INFOPLIST_FILE = MartianRobotsApp/Info.plist;
				INFOPLIST_KEY_UIApplicationSupportsIndirectInputEvents = YES;
				INFOPLIST_KEY_UILaunchStoryboardName = LaunchScreen;
				INFOPLIST_KEY_UIMainStoryboardFile = Main;
				INFOPLIST_KEY_UISupportedInterfaceOrientations_iPad = "UIInterfaceOrientationPortrait UIInterfaceOrientationPortraitUpsideDown UIInterfaceOrientationLandscapeLeft UIInterfaceOrientationLandscapeRight";
				INFOPLIST_KEY_UISupportedInterfaceOrientations_iPhone = "UIInterfaceOrientationPortrait UIInterfaceOrientationLandscapeLeft UIInterfaceOrientationLandscapeRight";
				LD_RUNPATH_SEARCH_PATHS = (
					"$(inherited)",
					"@executable_path/Frameworks",
				);
				MARKETING_VERSION = 1.0;
				PRODUCT_BUNDLE_IDENTIFIER = com.yd.MartianRobotsApp;
				PRODUCT_NAME = "$(TARGET_NAME)";
				SWIFT_EMIT_LOC_STRINGS = YES;
				SWIFT_VERSION = 5.0;
				TARGETED_DEVICE_FAMILY = "1,2";
			};
			name = Release;
		};
		8B9066D52AA1FDFC00E7ED09 /* Debug */ = {
			isa = XCBuildConfiguration;
			buildSettings = {
				ALWAYS_EMBED_SWIFT_STANDARD_LIBRARIES = YES;
				BUNDLE_LOADER = "$(TEST_HOST)";
				CODE_SIGN_STYLE = Automatic;
				CURRENT_PROJECT_VERSION = 1;
				GENERATE_INFOPLIST_FILE = YES;
				IPHONEOS_DEPLOYMENT_TARGET = 16.4;
				MARKETING_VERSION = 1.0;
				PRODUCT_BUNDLE_IDENTIFIER = com.ba.MartianRobotsAppTests;
				PRODUCT_NAME = "$(TARGET_NAME)";
				SWIFT_EMIT_LOC_STRINGS = NO;
				SWIFT_VERSION = 5.0;
				TARGETED_DEVICE_FAMILY = "1,2";
				TEST_HOST = "$(BUILT_PRODUCTS_DIR)/MartianRobotsApp.app/$(BUNDLE_EXECUTABLE_FOLDER_PATH)/MartianRobotsApp";
			};
			name = Debug;
		};
		8B9066D62AA1FDFC00E7ED09 /* Release */ = {
			isa = XCBuildConfiguration;
			buildSettings = {
				ALWAYS_EMBED_SWIFT_STANDARD_LIBRARIES = YES;
				BUNDLE_LOADER = "$(TEST_HOST)";
				CODE_SIGN_STYLE = Automatic;
				CURRENT_PROJECT_VERSION = 1;
				GENERATE_INFOPLIST_FILE = YES;
				IPHONEOS_DEPLOYMENT_TARGET = 16.4;
				MARKETING_VERSION = 1.0;
				PRODUCT_BUNDLE_IDENTIFIER = com.ba.MartianRobotsAppTests;
				PRODUCT_NAME = "$(TARGET_NAME)";
				SWIFT_EMIT_LOC_STRINGS = NO;
				SWIFT_VERSION = 5.0;
				TARGETED_DEVICE_FAMILY = "1,2";
				TEST_HOST = "$(BUILT_PRODUCTS_DIR)/MartianRobotsApp.app/$(BUNDLE_EXECUTABLE_FOLDER_PATH)/MartianRobotsApp";
			};
			name = Release;
		};
		8B9066D82AA1FDFC00E7ED09 /* Debug */ = {
			isa = XCBuildConfiguration;
			buildSettings = {
				ALWAYS_EMBED_SWIFT_STANDARD_LIBRARIES = YES;
				CODE_SIGN_STYLE = Automatic;
				CURRENT_PROJECT_VERSION = 1;
				GENERATE_INFOPLIST_FILE = YES;
				MARKETING_VERSION = 1.0;
				PRODUCT_BUNDLE_IDENTIFIER = com.ba.MartianRobotsAppUITests;
				PRODUCT_NAME = "$(TARGET_NAME)";
				SWIFT_EMIT_LOC_STRINGS = NO;
				SWIFT_VERSION = 5.0;
				TARGETED_DEVICE_FAMILY = "1,2";
				TEST_TARGET_NAME = MartianRobotsApp;
			};
			name = Debug;
		};
		8B9066D92AA1FDFC00E7ED09 /* Release */ = {
			isa = XCBuildConfiguration;
			buildSettings = {
				ALWAYS_EMBED_SWIFT_STANDARD_LIBRARIES = YES;
				CODE_SIGN_STYLE = Automatic;
				CURRENT_PROJECT_VERSION = 1;
				GENERATE_INFOPLIST_FILE = YES;
				MARKETING_VERSION = 1.0;
				PRODUCT_BUNDLE_IDENTIFIER = com.ba.MartianRobotsAppUITests;
				PRODUCT_NAME = "$(TARGET_NAME)";
				SWIFT_EMIT_LOC_STRINGS = NO;
				SWIFT_VERSION = 5.0;
				TARGETED_DEVICE_FAMILY = "1,2";
				TEST_TARGET_NAME = MartianRobotsApp;
			};
			name = Release;
		};
/* End XCBuildConfiguration section */

/* Begin XCConfigurationList section */
		8B9066A22AA1FDF800E7ED09 /* Build configuration list for PBXProject "MartianRobotsApp" */ = {
			isa = XCConfigurationList;
			buildConfigurations = (
				8B9066CF2AA1FDFC00E7ED09 /* Debug */,
				8B9066D02AA1FDFC00E7ED09 /* Release */,
			);
			defaultConfigurationIsVisible = 0;
			defaultConfigurationName = Release;
		};
		8B9066D12AA1FDFC00E7ED09 /* Build configuration list for PBXNativeTarget "MartianRobotsApp" */ = {
			isa = XCConfigurationList;
			buildConfigurations = (
				8B9066D22AA1FDFC00E7ED09 /* Debug */,
				8B9066D32AA1FDFC00E7ED09 /* Release */,
			);
			defaultConfigurationIsVisible = 0;
			defaultConfigurationName = Release;
		};
		8B9066D42AA1FDFC00E7ED09 /* Build configuration list for PBXNativeTarget "MartianRobotsAppTests" */ = {
			isa = XCConfigurationList;
			buildConfigurations = (
				8B9066D52AA1FDFC00E7ED09 /* Debug */,
				8B9066D62AA1FDFC00E7ED09 /* Release */,
			);
			defaultConfigurationIsVisible = 0;
			defaultConfigurationName = Release;
		};
		8B9066D72AA1FDFC00E7ED09 /* Build configuration list for PBXNativeTarget "MartianRobotsAppUITests" */ = {
			isa = XCConfigurationList;
			buildConfigurations = (
				8B9066D82AA1FDFC00E7ED09 /* Debug */,
				8B9066D92AA1FDFC00E7ED09 /* Release */,
			);
			defaultConfigurationIsVisible = 0;
			defaultConfigurationName = Release;
		};
/* End XCConfigurationList section */
	};
	rootObject = 8B90669F2AA1FDF800E7ED09 /* Project object */;
}
